
Microsoft Visual Studio Solution File, Format Version 12.00
# Visual Studio Version 17
VisualStudioVersion = 17.9.34607.119
MinimumVisualStudioVersion = 10.0.40219.1
Project("{FAE04EC0-301F-11D3-BF4B-00C04F79EFBC}") = "DatabaserForUdviklere", "DatabaserForUdviklere\DatabaserForUdviklere.csproj", "{9175BD71-47F8-4637-9C89-D626D840931C}"
EndProject
Global
	GlobalSection(SolutionConfigurationPlatforms) = preSolution
		Debug|Any CPU = Debug|Any CPU
		Release|Any CPU = Release|Any CPU
	EndGlobalSection
	GlobalSection(ProjectConfigurationPlatforms) = postSolution
		{9175BD71-47F8-4637-9C89-D626D840931C}.Debug|Any CPU.ActiveCfg = Debug|Any CPU
		{9175BD71-47F8-4637-9C89-D626D840931C}.Debug|Any CPU.Build.0 = Debug|Any CPU
		{9175BD71-47F8-4637-9C89-D626D840931C}.Release|Any CPU.ActiveCfg = Release|Any CPU
		{9175BD71-47F8-4637-9C89-D626D840931C}.Release|Any CPU.Build.0 = Release|Any CPU
	EndGlobalSection
	GlobalSection(SolutionProperties) = preSolution
		HideSolutionNode = FALSE
	EndGlobalSection
	GlobalSection(ExtensibilityGlobals) = postSolution
		SolutionGuid = {C0EC9644-850D-4330-9307-D011F8E60D01}
	EndGlobalSection
EndGlobal
